
Microsoft Visual Studio Solution File, Format Version 12.00
# Visual Studio Version 17
VisualStudioVersion = 17.11.35208.52
MinimumVisualStudioVersion = 10.0.40219.1
Project("{9A19103F-16F7-4668-BE54-9A1E7A4F7556}") = "DataPermission.Api", "DataPermission.Api\DataPermission.Api.csproj", "{387E98A8-D23E-4F10-8A7C-840937A75171}"
EndProject
Project("{9A19103F-16F7-4668-BE54-9A1E7A4F7556}") = "DataPermission.Infra", "DataPermission.Infra\DataPermission.Infra.csproj", "{71B76832-D745-4145-B6C6-27973E592D63}"
EndProject
Project("{9A19103F-16F7-4668-BE54-9A1E7A4F7556}") = "DataPermission.Domain", "DataPermission.Domain\DataPermission.Domain.csproj", "{383FB491-5E74-48AF-99A4-A15CA98BC7B1}"
EndProject
Project("{2150E333-8FDC-42A3-9474-1A3956D46DE8}") = "Tests", "Tests", "{E199D6DB-24C9-4587-862C-9CDB17478C9C}"
EndProject
Project("{FAE04EC0-301F-11D3-BF4B-00C04F79EFBC}") = "DomainTests", "DomainTests\DomainTests.csproj", "{990719A0-AC83-437A-BAD8-AE1FE42E1D68}"
EndProject
Project("{FAE04EC0-301F-11D3-BF4B-00C04F79EFBC}") = "InfraTests", "InfraTests\InfraTests.csproj", "{DABD7307-7206-4B51-BD9C-BBE61298E8F2}"
EndProject
Global
	GlobalSection(SolutionConfigurationPlatforms) = preSolution
		Debug|Any CPU = Debug|Any CPU
		Release|Any CPU = Release|Any CPU
	EndGlobalSection
	GlobalSection(ProjectConfigurationPlatforms) = postSolution
		{387E98A8-D23E-4F10-8A7C-840937A75171}.Debug|Any CPU.ActiveCfg = Debug|Any CPU
		{387E98A8-D23E-4F10-8A7C-840937A75171}.Debug|Any CPU.Build.0 = Debug|Any CPU
		{387E98A8-D23E-4F10-8A7C-840937A75171}.Release|Any CPU.ActiveCfg = Release|Any CPU
		{387E98A8-D23E-4F10-8A7C-840937A75171}.Release|Any CPU.Build.0 = Release|Any CPU
		{71B76832-D745-4145-B6C6-27973E592D63}.Debug|Any CPU.ActiveCfg = Debug|Any CPU
		{71B76832-D745-4145-B6C6-27973E592D63}.Debug|Any CPU.Build.0 = Debug|Any CPU
		{71B76832-D745-4145-B6C6-27973E592D63}.Release|Any CPU.ActiveCfg = Release|Any CPU
		{71B76832-D745-4145-B6C6-27973E592D63}.Release|Any CPU.Build.0 = Release|Any CPU
		{383FB491-5E74-48AF-99A4-A15CA98BC7B1}.Debug|Any CPU.ActiveCfg = Debug|Any CPU
		{383FB491-5E74-48AF-99A4-A15CA98BC7B1}.Debug|Any CPU.Build.0 = Debug|Any CPU
		{383FB491-5E74-48AF-99A4-A15CA98BC7B1}.Release|Any CPU.ActiveCfg = Release|Any CPU
		{383FB491-5E74-48AF-99A4-A15CA98BC7B1}.Release|Any CPU.Build.0 = Release|Any CPU
		{990719A0-AC83-437A-BAD8-AE1FE42E1D68}.Debug|Any CPU.ActiveCfg = Debug|Any CPU
		{990719A0-AC83-437A-BAD8-AE1FE42E1D68}.Debug|Any CPU.Build.0 = Debug|Any CPU
		{990719A0-AC83-437A-BAD8-AE1FE42E1D68}.Release|Any CPU.ActiveCfg = Release|Any CPU
		{990719A0-AC83-437A-BAD8-AE1FE42E1D68}.Release|Any CPU.Build.0 = Release|Any CPU
		{DABD7307-7206-4B51-BD9C-BBE61298E8F2}.Debug|Any CPU.ActiveCfg = Debug|Any CPU
		{DABD7307-7206-4B51-BD9C-BBE61298E8F2}.Debug|Any CPU.Build.0 = Debug|Any CPU
		{DABD7307-7206-4B51-BD9C-BBE61298E8F2}.Release|Any CPU.ActiveCfg = Release|Any CPU
		{DABD7307-7206-4B51-BD9C-BBE61298E8F2}.Release|Any CPU.Build.0 = Release|Any CPU
	EndGlobalSection
	GlobalSection(SolutionProperties) = preSolution
		HideSolutionNode = FALSE
	EndGlobalSection
	GlobalSection(NestedProjects) = preSolution
		{990719A0-AC83-437A-BAD8-AE1FE42E1D68} = {E199D6DB-24C9-4587-862C-9CDB17478C9C}
		{DABD7307-7206-4B51-BD9C-BBE61298E8F2} = {E199D6DB-24C9-4587-862C-9CDB17478C9C}
	EndGlobalSection
	GlobalSection(ExtensibilityGlobals) = postSolution
		SolutionGuid = {0B4EE219-09DB-42E8-88B2-6C61C7DA14B2}
	EndGlobalSection
EndGlobal
